
Microsoft Visual Studio Solution File, Format Version 12.00
# Visual Studio Version 16
VisualStudioVersion = 16.0.31410.357
MinimumVisualStudioVersion = 10.0.40219.1
Project("{FAE04EC0-301F-11D3-BF4B-00C04F79EFBC}") = "01-ByteBank", "01-ByteBank\01-ByteBank.csproj", "{F69E64DC-080D-4552-895C-3310134CD2B0}"
EndProject
Project("{FAE04EC0-301F-11D3-BF4B-00C04F79EFBC}") = "02 - ByteBank", "02 - ByteBank\02 - ByteBank.csproj", "{575C2C74-5642-4437-9A7B-9E090AE37016}"
EndProject
Project("{FAE04EC0-301F-11D3-BF4B-00C04F79EFBC}") = "03-ByteBank", "03-ByteBank\03-ByteBank.csproj", "{B0BC822D-42A1-4423-95F0-DFD97F474429}"
EndProject
Project("{FAE04EC0-301F-11D3-BF4B-00C04F79EFBC}") = "04-ByteBank", "04-ByteBank\04-ByteBank.csproj", "{D310AAFA-A9E0-488B-8844-550F8A06D53D}"
EndProject
Project("{FAE04EC0-301F-11D3-BF4B-00C04F79EFBC}") = "Exercicio-Criando-metodos", "Exercicio-Criando-metodos\Exercicio-Criando-metodos.csproj", "{08BC0737-28A6-482C-8F29-111762C68A02}"
EndProject
Project("{FAE04EC0-301F-11D3-BF4B-00C04F79EFBC}") = "05-ByteBank", "05-ByteBank\05-ByteBank.csproj", "{3B0B61C0-ACE1-4F82-A8C5-960DD71B213F}"
EndProject
Project("{FAE04EC0-301F-11D3-BF4B-00C04F79EFBC}") = "06-ByteBank", "06-ByteBank\06-ByteBank.csproj", "{DBB4F586-6797-43DC-8B30-CEF4F6DED555}"
EndProject
Global
	GlobalSection(SolutionConfigurationPlatforms) = preSolution
		Debug|Any CPU = Debug|Any CPU
		Release|Any CPU = Release|Any CPU
	EndGlobalSection
	GlobalSection(ProjectConfigurationPlatforms) = postSolution
		{F69E64DC-080D-4552-895C-3310134CD2B0}.Debug|Any CPU.ActiveCfg = Debug|Any CPU
		{F69E64DC-080D-4552-895C-3310134CD2B0}.Debug|Any CPU.Build.0 = Debug|Any CPU
		{F69E64DC-080D-4552-895C-3310134CD2B0}.Release|Any CPU.ActiveCfg = Release|Any CPU
		{F69E64DC-080D-4552-895C-3310134CD2B0}.Release|Any CPU.Build.0 = Release|Any CPU
		{575C2C74-5642-4437-9A7B-9E090AE37016}.Debug|Any CPU.ActiveCfg = Debug|Any CPU
		{575C2C74-5642-4437-9A7B-9E090AE37016}.Debug|Any CPU.Build.0 = Debug|Any CPU
		{575C2C74-5642-4437-9A7B-9E090AE37016}.Release|Any CPU.ActiveCfg = Release|Any CPU
		{575C2C74-5642-4437-9A7B-9E090AE37016}.Release|Any CPU.Build.0 = Release|Any CPU
		{B0BC822D-42A1-4423-95F0-DFD97F474429}.Debug|Any CPU.ActiveCfg = Debug|Any CPU
		{B0BC822D-42A1-4423-95F0-DFD97F474429}.Debug|Any CPU.Build.0 = Debug|Any CPU
		{B0BC822D-42A1-4423-95F0-DFD97F474429}.Release|Any CPU.ActiveCfg = Release|Any CPU
		{B0BC822D-42A1-4423-95F0-DFD97F474429}.Release|Any CPU.Build.0 = Release|Any CPU
		{D310AAFA-A9E0-488B-8844-550F8A06D53D}.Debug|Any CPU.ActiveCfg = Debug|Any CPU
		{D310AAFA-A9E0-488B-8844-550F8A06D53D}.Debug|Any CPU.Build.0 = Debug|Any CPU
		{D310AAFA-A9E0-488B-8844-550F8A06D53D}.Release|Any CPU.ActiveCfg = Release|Any CPU
		{D310AAFA-A9E0-488B-8844-550F8A06D53D}.Release|Any CPU.Build.0 = Release|Any CPU
		{08BC0737-28A6-482C-8F29-111762C68A02}.Debug|Any CPU.ActiveCfg = Debug|Any CPU
		{08BC0737-28A6-482C-8F29-111762C68A02}.Debug|Any CPU.Build.0 = Debug|Any CPU
		{08BC0737-28A6-482C-8F29-111762C68A02}.Release|Any CPU.ActiveCfg = Release|Any CPU
		{08BC0737-28A6-482C-8F29-111762C68A02}.Release|Any CPU.Build.0 = Release|Any CPU
		{3B0B61C0-ACE1-4F82-A8C5-960DD71B213F}.Debug|Any CPU.ActiveCfg = Debug|Any CPU
		{3B0B61C0-ACE1-4F82-A8C5-960DD71B213F}.Debug|Any CPU.Build.0 = Debug|Any CPU
		{3B0B61C0-ACE1-4F82-A8C5-960DD71B213F}.Release|Any CPU.ActiveCfg = Release|Any CPU
		{3B0B61C0-ACE1-4F82-A8C5-960DD71B213F}.Release|Any CPU.Build.0 = Release|Any CPU
		{DBB4F586-6797-43DC-8B30-CEF4F6DED555}.Debug|Any CPU.ActiveCfg = Debug|Any CPU
		{DBB4F586-6797-43DC-8B30-CEF4F6DED555}.Debug|Any CPU.Build.0 = Debug|Any CPU
		{DBB4F586-6797-43DC-8B30-CEF4F6DED555}.Release|Any CPU.ActiveCfg = Release|Any CPU
		{DBB4F586-6797-43DC-8B30-CEF4F6DED555}.Release|Any CPU.Build.0 = Release|Any CPU
	EndGlobalSection
	GlobalSection(SolutionProperties) = preSolution
		HideSolutionNode = FALSE
	EndGlobalSection
	GlobalSection(ExtensibilityGlobals) = postSolution
		SolutionGuid = {E55705AB-C221-4309-8763-6C38F67E70CA}
	EndGlobalSection
EndGlobal
